
Microsoft Visual Studio Solution File, Format Version 12.00
# Visual Studio Version 17
VisualStudioVersion = 17.13.35931.197 d17.13
MinimumVisualStudioVersion = 10.0.40219.1
Project("{FAE04EC0-301F-11D3-BF4B-00C04F79EFBC}") = "LiftControlSystem.UI", "LiftControlSystem.UI\LiftControlSystem.UI.csproj", "{FF3A294D-7D6D-4283-8A4B-CC43AB7151D7}"
EndProject
Project("{FAE04EC0-301F-11D3-BF4B-00C04F79EFBC}") = "LiftControlSystem", "LiftControlSystem\LiftControlSystem.csproj", "{8A62DA56-6D35-4499-87F7-83E0D3187AEF}"
EndProject
Global
	GlobalSection(SolutionConfigurationPlatforms) = preSolution
		Debug|Any CPU = Debug|Any CPU
		Release|Any CPU = Release|Any CPU
	EndGlobalSection
	GlobalSection(ProjectConfigurationPlatforms) = postSolution
		{FF3A294D-7D6D-4283-8A4B-CC43AB7151D7}.Debug|Any CPU.ActiveCfg = Debug|Any CPU
		{FF3A294D-7D6D-4283-8A4B-CC43AB7151D7}.Debug|Any CPU.Build.0 = Debug|Any CPU
		{FF3A294D-7D6D-4283-8A4B-CC43AB7151D7}.Release|Any CPU.ActiveCfg = Release|Any CPU
		{FF3A294D-7D6D-4283-8A4B-CC43AB7151D7}.Release|Any CPU.Build.0 = Release|Any CPU
		{8A62DA56-6D35-4499-87F7-83E0D3187AEF}.Debug|Any CPU.ActiveCfg = Debug|Any CPU
		{8A62DA56-6D35-4499-87F7-83E0D3187AEF}.Debug|Any CPU.Build.0 = Debug|Any CPU
		{8A62DA56-6D35-4499-87F7-83E0D3187AEF}.Release|Any CPU.ActiveCfg = Release|Any CPU
		{8A62DA56-6D35-4499-87F7-83E0D3187AEF}.Release|Any CPU.Build.0 = Release|Any CPU
	EndGlobalSection
	GlobalSection(SolutionProperties) = preSolution
		HideSolutionNode = FALSE
	EndGlobalSection
	GlobalSection(ExtensibilityGlobals) = postSolution
		SolutionGuid = {2B833186-EC56-477E-836C-7A66611A5525}
	EndGlobalSection
EndGlobal
